// !$*UTF8*$!
{
	archiveVersion = 1;
	classes = {
	};
	objectVersion = 56;
	objects = {

/* Begin PBXBuildFile section */
		465049AE2B19922800D321EB /* PracticeKeyChainApp.swift in Sources */ = {isa = PBXBuildFile; fileRef = 465049AD2B19922800D321EB /* PracticeKeyChainApp.swift */; };
		465049B02B19922800D321EB /* ContentView.swift in Sources */ = {isa = PBXBuildFile; fileRef = 465049AF2B19922800D321EB /* ContentView.swift */; };
		465049B22B19922A00D321EB /* Assets.xcassets in Resources */ = {isa = PBXBuildFile; fileRef = 465049B12B19922A00D321EB /* Assets.xcassets */; };
		465049B52B19922A00D321EB /* Preview Assets.xcassets in Resources */ = {isa = PBXBuildFile; fileRef = 465049B42B19922A00D321EB /* Preview Assets.xcassets */; };
		465049BF2B19922A00D321EB /* PracticeKeyChainTests.swift in Sources */ = {isa = PBXBuildFile; fileRef = 465049BE2B19922A00D321EB /* PracticeKeyChainTests.swift */; };
		465049C92B19922A00D321EB /* PracticeKeyChainUITests.swift in Sources */ = {isa = PBXBuildFile; fileRef = 465049C82B19922A00D321EB /* PracticeKeyChainUITests.swift */; };
		465049CB2B19922A00D321EB /* PracticeKeyChainUITestsLaunchTests.swift in Sources */ = {isa = PBXBuildFile; fileRef = 465049CA2B19922A00D321EB /* PracticeKeyChainUITestsLaunchTests.swift */; };
		465049D82B1992D300D321EB /* KeyChainService.swift in Sources */ = {isa = PBXBuildFile; fileRef = 465049D72B1992D300D321EB /* KeyChainService.swift */; };
/* End PBXBuildFile section */

/* Begin PBXContainerItemProxy section */
		465049BB2B19922A00D321EB /* PBXContainerItemProxy */ = {
			isa = PBXContainerItemProxy;
			containerPortal = 465049A22B19922800D321EB /* Project object */;
			proxyType = 1;
			remoteGlobalIDString = 465049A92B19922800D321EB;
			remoteInfo = PracticeKeyChain;
		};
		465049C52B19922A00D321EB /* PBXContainerItemProxy */ = {
			isa = PBXContainerItemProxy;
			containerPortal = 465049A22B19922800D321EB /* Project object */;
			proxyType = 1;
			remoteGlobalIDString = 465049A92B19922800D321EB;
			remoteInfo = PracticeKeyChain;
		};
/* End PBXContainerItemProxy section */

/* Begin PBXFileReference section */
		465049AA2B19922800D321EB /* PracticeKeyChain.app */ = {isa = PBXFileReference; explicitFileType = wrapper.application; includeInIndex = 0; path = PracticeKeyChain.app; sourceTree = BUILT_PRODUCTS_DIR; };
		465049AD2B19922800D321EB /* PracticeKeyChainApp.swift */ = {isa = PBXFileReference; lastKnownFileType = sourcecode.swift; path = PracticeKeyChainApp.swift; sourceTree = "<group>"; };
		465049AF2B19922800D321EB /* ContentView.swift */ = {isa = PBXFileReference; lastKnownFileType = sourcecode.swift; path = ContentView.swift; sourceTree = "<group>"; };
		465049B12B19922A00D321EB /* Assets.xcassets */ = {isa = PBXFileReference; lastKnownFileType = folder.assetcatalog; path = Assets.xcassets; sourceTree = "<group>"; };
		465049B42B19922A00D321EB /* Preview Assets.xcassets */ = {isa = PBXFileReference; lastKnownFileType = folder.assetcatalog; path = "Preview Assets.xcassets"; sourceTree = "<group>"; };
		465049BA2B19922A00D321EB /* PracticeKeyChainTests.xctest */ = {isa = PBXFileReference; explicitFileType = wrapper.cfbundle; includeInIndex = 0; path = PracticeKeyChainTests.xctest; sourceTree = BUILT_PRODUCTS_DIR; };
		465049BE2B19922A00D321EB /* PracticeKeyChainTests.swift */ = {isa = PBXFileReference; lastKnownFileType = sourcecode.swift; path = PracticeKeyChainTests.swift; sourceTree = "<group>"; };
		465049C42B19922A00D321EB /* PracticeKeyChainUITests.xctest */ = {isa = PBXFileReference; explicitFileType = wrapper.cfbundle; includeInIndex = 0; path = PracticeKeyChainUITests.xctest; sourceTree = BUILT_PRODUCTS_DIR; };
		465049C82B19922A00D321EB /* PracticeKeyChainUITests.swift */ = {isa = PBXFileReference; lastKnownFileType = sourcecode.swift; path = PracticeKeyChainUITests.swift; sourceTree = "<group>"; };
		465049CA2B19922A00D321EB /* PracticeKeyChainUITestsLaunchTests.swift */ = {isa = PBXFileReference; lastKnownFileType = sourcecode.swift; path = PracticeKeyChainUITestsLaunchTests.swift; sourceTree = "<group>"; };
		465049D72B1992D300D321EB /* KeyChainService.swift */ = {isa = PBXFileReference; lastKnownFileType = sourcecode.swift; path = KeyChainService.swift; sourceTree = "<group>"; };
/* End PBXFileReference section */

/* Begin PBXFrameworksBuildPhase section */
		465049A72B19922800D321EB /* Frameworks */ = {
			isa = PBXFrameworksBuildPhase;
			buildActionMask = 2147483647;
			files = (
			);
			runOnlyForDeploymentPostprocessing = 0;
		};
		465049B72B19922A00D321EB /* Frameworks */ = {
			isa = PBXFrameworksBuildPhase;
			buildActionMask = 2147483647;
			files = (
			);
			runOnlyForDeploymentPostprocessing = 0;
		};
		465049C12B19922A00D321EB /* Frameworks */ = {
			isa = PBXFrameworksBuildPhase;
			buildActionMask = 2147483647;
			files = (
			);
			runOnlyForDeploymentPostprocessing = 0;
		};
/* End PBXFrameworksBuildPhase section */

/* Begin PBXGroup section */
		465049A12B19922800D321EB = {
			isa = PBXGroup;
			children = (
				465049AC2B19922800D321EB /* PracticeKeyChain */,
				465049BD2B19922A00D321EB /* PracticeKeyChainTests */,
				465049C72B19922A00D321EB /* PracticeKeyChainUITests */,
				465049AB2B19922800D321EB /* Products */,
			);
			sourceTree = "<group>";
		};
		465049AB2B19922800D321EB /* Products */ = {
			isa = PBXGroup;
			children = (
				465049AA2B19922800D321EB /* PracticeKeyChain.app */,
				465049BA2B19922A00D321EB /* PracticeKeyChainTests.xctest */,
				465049C42B19922A00D321EB /* PracticeKeyChainUITests.xctest */,
			);
			name = Products;
			sourceTree = "<group>";
		};
		465049AC2B19922800D321EB /* PracticeKeyChain */ = {
			isa = PBXGroup;
			children = (
				465049AD2B19922800D321EB /* PracticeKeyChainApp.swift */,
				465049AF2B19922800D321EB /* ContentView.swift */,
				465049B12B19922A00D321EB /* Assets.xcassets */,
				465049B32B19922A00D321EB /* Preview Content */,
				465049D72B1992D300D321EB /* KeyChainService.swift */,
			);
			path = PracticeKeyChain;
			sourceTree = "<group>";
		};
		465049B32B19922A00D321EB /* Preview Content */ = {
			isa = PBXGroup;
			children = (
				465049B42B19922A00D321EB /* Preview Assets.xcassets */,
			);
			path = "Preview Content";
			sourceTree = "<group>";
		};
		465049BD2B19922A00D321EB /* PracticeKeyChainTests */ = {
			isa = PBXGroup;
			children = (
				465049BE2B19922A00D321EB /* PracticeKeyChainTests.swift */,
			);
			path = PracticeKeyChainTests;
			sourceTree = "<group>";
		};
		465049C72B19922A00D321EB /* PracticeKeyChainUITests */ = {
			isa = PBXGroup;
			children = (
				465049C82B19922A00D321EB /* PracticeKeyChainUITests.swift */,
				465049CA2B19922A00D321EB /* PracticeKeyChainUITestsLaunchTests.swift */,
			);
			path = PracticeKeyChainUITests;
			sourceTree = "<group>";
		};
/* End PBXGroup section */

/* Begin PBXNativeTarget section */
		465049A92B19922800D321EB /* PracticeKeyChain */ = {
			isa = PBXNativeTarget;
			buildConfigurationList = 465049CE2B19922A00D321EB /* Build configuration list for PBXNativeTarget "PracticeKeyChain" */;
			buildPhases = (
				465049A62B19922800D321EB /* Sources */,
				465049A72B19922800D321EB /* Frameworks */,
				465049A82B19922800D321EB /* Resources */,
			);
			buildRules = (
			);
			dependencies = (
			);
			name = PracticeKeyChain;
			productName = PracticeKeyChain;
			productReference = 465049AA2B19922800D321EB /* PracticeKeyChain.app */;
			productType = "com.apple.product-type.application";
		};
		465049B92B19922A00D321EB /* PracticeKeyChainTests */ = {
			isa = PBXNativeTarget;
			buildConfigurationList = 465049D12B19922A00D321EB /* Build configuration list for PBXNativeTarget "PracticeKeyChainTests" */;
			buildPhases = (
				465049B62B19922A00D321EB /* Sources */,
				465049B72B19922A00D321EB /* Frameworks */,
				465049B82B19922A00D321EB /* Resources */,
			);
			buildRules = (
			);
			dependencies = (
				465049BC2B19922A00D321EB /* PBXTargetDependency */,
			);
			name = PracticeKeyChainTests;
			productName = PracticeKeyChainTests;
			productReference = 465049BA2B19922A00D321EB /* PracticeKeyChainTests.xctest */;
			productType = "com.apple.product-type.bundle.unit-test";
		};
		465049C32B19922A00D321EB /* PracticeKeyChainUITests */ = {
			isa = PBXNativeTarget;
			buildConfigurationList = 465049D42B19922A00D321EB /* Build configuration list for PBXNativeTarget "PracticeKeyChainUITests" */;
			buildPhases = (
				465049C02B19922A00D321EB /* Sources */,
				465049C12B19922A00D321EB /* Frameworks */,
				465049C22B19922A00D321EB /* Resources */,
			);
			buildRules = (
			);
			dependencies = (
				465049C62B19922A00D321EB /* PBXTargetDependency */,
			);
			name = PracticeKeyChainUITests;
			productName = PracticeKeyChainUITests;
			productReference = 465049C42B19922A00D321EB /* PracticeKeyChainUITests.xctest */;
			productType = "com.apple.product-type.bundle.ui-testing";
		};
/* End PBXNativeTarget section */

/* Begin PBXProject section */
		465049A22B19922800D321EB /* Project object */ = {
			isa = PBXProject;
			attributes = {
				BuildIndependentTargetsInParallel = 1;
				LastSwiftUpdateCheck = 1500;
				LastUpgradeCheck = 1500;
				TargetAttributes = {
					465049A92B19922800D321EB = {
						CreatedOnToolsVersion = 15.0;
					};
					465049B92B19922A00D321EB = {
						CreatedOnToolsVersion = 15.0;
						TestTargetID = 465049A92B19922800D321EB;
					};
					465049C32B19922A00D321EB = {
						CreatedOnToolsVersion = 15.0;
						TestTargetID = 465049A92B19922800D321EB;
					};
				};
			};
			buildConfigurationList = 465049A52B19922800D321EB /* Build configuration list for PBXProject "PracticeKeyChain" */;
			compatibilityVersion = "Xcode 14.0";
			developmentRegion = en;
			hasScannedForEncodings = 0;
			knownRegions = (
				en,
				Base,
			);
			mainGroup = 465049A12B19922800D321EB;
			productRefGroup = 465049AB2B19922800D321EB /* Products */;
			projectDirPath = "";
			projectRoot = "";
			targets = (
				465049A92B19922800D321EB /* PracticeKeyChain */,
				465049B92B19922A00D321EB /* PracticeKeyChainTests */,
				465049C32B19922A00D321EB /* PracticeKeyChainUITests */,
			);
		};
/* End PBXProject section */

/* Begin PBXResourcesBuildPhase section */
		465049A82B19922800D321EB /* Resources */ = {
			isa = PBXResourcesBuildPhase;
			buildActionMask = 2147483647;
			files = (
				465049B52B19922A00D321EB /* Preview Assets.xcassets in Resources */,
				465049B22B19922A00D321EB /* Assets.xcassets in Resources */,
			);
			runOnlyForDeploymentPostprocessing = 0;
		};
		465049B82B19922A00D321EB /* Resources */ = {
			isa = PBXResourcesBuildPhase;
			buildActionMask = 2147483647;
			files = (
			);
			runOnlyForDeploymentPostprocessing = 0;
		};
		465049C22B19922A00D321EB /* Resources */ = {
			isa = PBXResourcesBuildPhase;
			buildActionMask = 2147483647;
			files = (
			);
			runOnlyForDeploymentPostprocessing = 0;
		};
/* End PBXResourcesBuildPhase section */

/* Begin PBXSourcesBuildPhase section */
		465049A62B19922800D321EB /* Sources */ = {
			isa = PBXSourcesBuildPhase;
			buildActionMask = 2147483647;
			files = (
				465049D82B1992D300D321EB /* KeyChainService.swift in Sources */,
				465049B02B19922800D321EB /* ContentView.swift in Sources */,
				465049AE2B19922800D321EB /* PracticeKeyChainApp.swift in Sources */,
			);
			runOnlyForDeploymentPostprocessing = 0;
		};
		465049B62B19922A00D321EB /* Sources */ = {
			isa = PBXSourcesBuildPhase;
			buildActionMask = 2147483647;
			files = (
				465049BF2B19922A00D321EB /* PracticeKeyChainTests.swift in Sources */,
			);
			runOnlyForDeploymentPostprocessing = 0;
		};
		465049C02B19922A00D321EB /* Sources */ = {
			isa = PBXSourcesBuildPhase;
			buildActionMask = 2147483647;
			files = (
				465049C92B19922A00D321EB /* PracticeKeyChainUITests.swift in Sources */,
				465049CB2B19922A00D321EB /* PracticeKeyChainUITestsLaunchTests.swift in Sources */,
			);
			runOnlyForDeploymentPostprocessing = 0;
		};
/* End PBXSourcesBuildPhase section */

/* Begin PBXTargetDependency section */
		465049BC2B19922A00D321EB /* PBXTargetDependency */ = {
			isa = PBXTargetDependency;
			target = 465049A92B19922800D321EB /* PracticeKeyChain */;
			targetProxy = 465049BB2B19922A00D321EB /* PBXContainerItemProxy */;
		};
		465049C62B19922A00D321EB /* PBXTargetDependency */ = {
			isa = PBXTargetDependency;
			target = 465049A92B19922800D321EB /* PracticeKeyChain */;
			targetProxy = 465049C52B19922A00D321EB /* PBXContainerItemProxy */;
		};
/* End PBXTargetDependency section */

/* Begin XCBuildConfiguration section */
		465049CC2B19922A00D321EB /* Debug */ = {
			isa = XCBuildConfiguration;
			buildSettings = {
				ALWAYS_SEARCH_USER_PATHS = NO;
				ASSETCATALOG_COMPILER_GENERATE_SWIFT_ASSET_SYMBOL_EXTENSIONS = YES;
				CLANG_ANALYZER_NONNULL = YES;
				CLANG_ANALYZER_NUMBER_OBJECT_CONVERSION = YES_AGGRESSIVE;
				CLANG_CXX_LANGUAGE_STANDARD = "gnu++20";
				CLANG_ENABLE_MODULES = YES;
				CLANG_ENABLE_OBJC_ARC = YES;
				CLANG_ENABLE_OBJC_WEAK = YES;
				CLANG_WARN_BLOCK_CAPTURE_AUTORELEASING = YES;
				CLANG_WARN_BOOL_CONVERSION = YES;
				CLANG_WARN_COMMA = YES;
				CLANG_WARN_CONSTANT_CONVERSION = YES;
				CLANG_WARN_DEPRECATED_OBJC_IMPLEMENTATIONS = YES;
				CLANG_WARN_DIRECT_OBJC_ISA_USAGE = YES_ERROR;
				CLANG_WARN_DOCUMENTATION_COMMENTS = YES;
				CLANG_WARN_EMPTY_BODY = YES;
				CLANG_WARN_ENUM_CONVERSION = YES;
				CLANG_WARN_INFINITE_RECURSION = YES;
				CLANG_WARN_INT_CONVERSION = YES;
				CLANG_WARN_NON_LITERAL_NULL_CONVERSION = YES;
				CLANG_WARN_OBJC_IMPLICIT_RETAIN_SELF = YES;
				CLANG_WARN_OBJC_LITERAL_CONVERSION = YES;
				CLANG_WARN_OBJC_ROOT_CLASS = YES_ERROR;
				CLANG_WARN_QUOTED_INCLUDE_IN_FRAMEWORK_HEADER = YES;
				CLANG_WARN_RANGE_LOOP_ANALYSIS = YES;
				CLANG_WARN_STRICT_PROTOTYPES = YES;
				CLANG_WARN_SUSPICIOUS_MOVE = YES;
				CLANG_WARN_UNGUARDED_AVAILABILITY = YES_AGGRESSIVE;
				CLANG_WARN_UNREACHABLE_CODE = YES;
				CLANG_WARN__DUPLICATE_METHOD_MATCH = YES;
				COPY_PHASE_STRIP = NO;
				DEBUG_INFORMATION_FORMAT = dwarf;
				ENABLE_STRICT_OBJC_MSGSEND = YES;
				ENABLE_TESTABILITY = YES;
				ENABLE_USER_SCRIPT_SANDBOXING = YES;
				GCC_C_LANGUAGE_STANDARD = gnu17;
				GCC_DYNAMIC_NO_PIC = NO;
				GCC_NO_COMMON_BLOCKS = YES;
				GCC_OPTIMIZATION_LEVEL = 0;
				GCC_PREPROCESSOR_DEFINITIONS = (
					"DEBUG=1",
					"$(inherited)",
				);
				GCC_WARN_64_TO_32_BIT_CONVERSION = YES;
				GCC_WARN_ABOUT_RETURN_TYPE = YES_ERROR;
				GCC_WARN_UNDECLARED_SELECTOR = YES;
				GCC_WARN_UNINITIALIZED_AUTOS = YES_AGGRESSIVE;
				GCC_WARN_UNUSED_FUNCTION = YES;
				GCC_WARN_UNUSED_VARIABLE = YES;
				IPHONEOS_DEPLOYMENT_TARGET = 17.0;
				LOCALIZATION_PREFERS_STRING_CATALOGS = YES;
				MTL_ENABLE_DEBUG_INFO = INCLUDE_SOURCE;
				MTL_FAST_MATH = YES;
				ONLY_ACTIVE_ARCH = YES;
				SDKROOT = iphoneos;
				SWIFT_ACTIVE_COMPILATION_CONDITIONS = "DEBUG $(inherited)";
				SWIFT_OPTIMIZATION_LEVEL = "-Onone";
			};
			name = Debug;
		};
		465049CD2B19922A00D321EB /* Release */ = {
			isa = XCBuildConfiguration;
			buildSettings = {
				ALWAYS_SEARCH_USER_PATHS = NO;
				ASSETCATALOG_COMPILER_GENERATE_SWIFT_ASSET_SYMBOL_EXTENSIONS = YES;
				CLANG_ANALYZER_NONNULL = YES;
				CLANG_ANALYZER_NUMBER_OBJECT_CONVERSION = YES_AGGRESSIVE;
				CLANG_CXX_LANGUAGE_STANDARD = "gnu++20";
				CLANG_ENABLE_MODULES = YES;
				CLANG_ENABLE_OBJC_ARC = YES;
				CLANG_ENABLE_OBJC_WEAK = YES;
				CLANG_WARN_BLOCK_CAPTURE_AUTORELEASING = YES;
				CLANG_WARN_BOOL_CONVERSION = YES;
				CLANG_WARN_COMMA = YES;
				CLANG_WARN_CONSTANT_CONVERSION = YES;
				CLANG_WARN_DEPRECATED_OBJC_IMPLEMENTATIONS = YES;
				CLANG_WARN_DIRECT_OBJC_ISA_USAGE = YES_ERROR;
				CLANG_WARN_DOCUMENTATION_COMMENTS = YES;
				CLANG_WARN_EMPTY_BODY = YES;
				CLANG_WARN_ENUM_CONVERSION = YES;
				CLANG_WARN_INFINITE_RECURSION = YES;
				CLANG_WARN_INT_CONVERSION = YES;
				CLANG_WARN_NON_LITERAL_NULL_CONVERSION = YES;
				CLANG_WARN_OBJC_IMPLICIT_RETAIN_SELF = YES;
				CLANG_WARN_OBJC_LITERAL_CONVERSION = YES;
				CLANG_WARN_OBJC_ROOT_CLASS = YES_ERROR;
				CLANG_WARN_QUOTED_INCLUDE_IN_FRAMEWORK_HEADER = YES;
				CLANG_WARN_RANGE_LOOP_ANALYSIS = YES;
				CLANG_WARN_STRICT_PROTOTYPES = YES;
				CLANG_WARN_SUSPICIOUS_MOVE = YES;
				CLANG_WARN_UNGUARDED_AVAILABILITY = YES_AGGRESSIVE;
				CLANG_WARN_UNREACHABLE_CODE = YES;
				CLANG_WARN__DUPLICATE_METHOD_MATCH = YES;
				COPY_PHASE_STRIP = NO;
				DEBUG_INFORMATION_FORMAT = "dwarf-with-dsym";
				ENABLE_NS_ASSERTIONS = NO;
				ENABLE_STRICT_OBJC_MSGSEND = YES;
				ENABLE_USER_SCRIPT_SANDBOXING = YES;
				GCC_C_LANGUAGE_STANDARD = gnu17;
				GCC_NO_COMMON_BLOCKS = YES;
				GCC_WARN_64_TO_32_BIT_CONVERSION = YES;
				GCC_WARN_ABOUT_RETURN_TYPE = YES_ERROR;
				GCC_WARN_UNDECLARED_SELECTOR = YES;
				GCC_WARN_UNINITIALIZED_AUTOS = YES_AGGRESSIVE;
				GCC_WARN_UNUSED_FUNCTION = YES;
				GCC_WARN_UNUSED_VARIABLE = YES;
				IPHONEOS_DEPLOYMENT_TARGET = 17.0;
				LOCALIZATION_PREFERS_STRING_CATALOGS = YES;
				MTL_ENABLE_DEBUG_INFO = NO;
				MTL_FAST_MATH = YES;
				SDKROOT = iphoneos;
				SWIFT_COMPILATION_MODE = wholemodule;
				VALIDATE_PRODUCT = YES;
			};
			name = Release;
		};
		465049CF2B19922A00D321EB /* Debug */ = {
			isa = XCBuildConfiguration;
			buildSettings = {
				ASSETCATALOG_COMPILER_APPICON_NAME = AppIcon;
				ASSETCATALOG_COMPILER_GLOBAL_ACCENT_COLOR_NAME = AccentColor;
				CODE_SIGN_STYLE = Automatic;
				CURRENT_PROJECT_VERSION = 1;
				DEVELOPMENT_ASSET_PATHS = "\"PracticeKeyChain/Preview Content\"";
				DEVELOPMENT_TEAM = SY6HRKUSSY;
				ENABLE_PREVIEWS = YES;
				GENERATE_INFOPLIST_FILE = YES;
				INFOPLIST_KEY_UIApplicationSceneManifest_Generation = YES;
				INFOPLIST_KEY_UIApplicationSupportsIndirectInputEvents = YES;
				INFOPLIST_KEY_UILaunchScreen_Generation = YES;
				INFOPLIST_KEY_UISupportedInterfaceOrientations_iPad = "UIInterfaceOrientationPortrait UIInterfaceOrientationPortraitUpsideDown UIInterfaceOrientationLandscapeLeft UIInterfaceOrientationLandscapeRight";
				INFOPLIST_KEY_UISupportedInterfaceOrientations_iPhone = "UIInterfaceOrientationPortrait UIInterfaceOrientationLandscapeLeft UIInterfaceOrientationLandscapeRight";
				LD_RUNPATH_SEARCH_PATHS = (
					"$(inherited)",
					"@executable_path/Frameworks",
				);
				MARKETING_VERSION = 1.0;
				PRODUCT_BUNDLE_IDENTIFIER = toshiyana.PracticeKeyChain;
				PRODUCT_NAME = "$(TARGET_NAME)";
				SWIFT_EMIT_LOC_STRINGS = YES;
				SWIFT_VERSION = 5.0;
				TARGETED_DEVICE_FAMILY = "1,2";
			};
			name = Debug;
		};
		465049D02B19922A00D321EB /* Release */ = {
			isa = XCBuildConfiguration;
			buildSettings = {
				ASSETCATALOG_COMPILER_APPICON_NAME = AppIcon;
				ASSETCATALOG_COMPILER_GLOBAL_ACCENT_COLOR_NAME = AccentColor;
				CODE_SIGN_STYLE = Automatic;
				CURRENT_PROJECT_VERSION = 1;
				DEVELOPMENT_ASSET_PATHS = "\"PracticeKeyChain/Preview Content\"";
				DEVELOPMENT_TEAM = SY6HRKUSSY;
				ENABLE_PREVIEWS = YES;
				GENERATE_INFOPLIST_FILE = YES;
				INFOPLIST_KEY_UIApplicationSceneManifest_Generation = YES;
				INFOPLIST_KEY_UIApplicationSupportsIndirectInputEvents = YES;
				INFOPLIST_KEY_UILaunchScreen_Generation = YES;
				INFOPLIST_KEY_UISupportedInterfaceOrientations_iPad = "UIInterfaceOrientationPortrait UIInterfaceOrientationPortraitUpsideDown UIInterfaceOrientationLandscapeLeft UIInterfaceOrientationLandscapeRight";
				INFOPLIST_KEY_UISupportedInterfaceOrientations_iPhone = "UIInterfaceOrientationPortrait UIInterfaceOrientationLandscapeLeft UIInterfaceOrientationLandscapeRight";
				LD_RUNPATH_SEARCH_PATHS = (
					"$(inherited)",
					"@executable_path/Frameworks",
				);
				MARKETING_VERSION = 1.0;
				PRODUCT_BUNDLE_IDENTIFIER = toshiyana.PracticeKeyChain;
				PRODUCT_NAME = "$(TARGET_NAME)";
				SWIFT_EMIT_LOC_STRINGS = YES;
				SWIFT_VERSION = 5.0;
				TARGETED_DEVICE_FAMILY = "1,2";
			};
			name = Release;
		};
		465049D22B19922A00D321EB /* Debug */ = {
			isa = XCBuildConfiguration;
			buildSettings = {
				ALWAYS_EMBED_SWIFT_STANDARD_LIBRARIES = YES;
				BUNDLE_LOADER = "$(TEST_HOST)";
				CODE_SIGN_STYLE = Automatic;
				CURRENT_PROJECT_VERSION = 1;
				DEVELOPMENT_TEAM = SY6HRKUSSY;
				GENERATE_INFOPLIST_FILE = YES;
				IPHONEOS_DEPLOYMENT_TARGET = 17.0;
				MARKETING_VERSION = 1.0;
				PRODUCT_BUNDLE_IDENTIFIER = toshiyana.PracticeKeyChainTests;
				PRODUCT_NAME = "$(TARGET_NAME)";
				SWIFT_EMIT_LOC_STRINGS = NO;
				SWIFT_VERSION = 5.0;
				TARGETED_DEVICE_FAMILY = "1,2";
				TEST_HOST = "$(BUILT_PRODUCTS_DIR)/PracticeKeyChain.app/$(BUNDLE_EXECUTABLE_FOLDER_PATH)/PracticeKeyChain";
			};
			name = Debug;
		};
		465049D32B19922A00D321EB /* Release */ = {
			isa = XCBuildConfiguration;
			buildSettings = {
				ALWAYS_EMBED_SWIFT_STANDARD_LIBRARIES = YES;
				BUNDLE_LOADER = "$(TEST_HOST)";
				CODE_SIGN_STYLE = Automatic;
				CURRENT_PROJECT_VERSION = 1;
				DEVELOPMENT_TEAM = SY6HRKUSSY;
				GENERATE_INFOPLIST_FILE = YES;
				IPHONEOS_DEPLOYMENT_TARGET = 17.0;
				MARKETING_VERSION = 1.0;
				PRODUCT_BUNDLE_IDENTIFIER = toshiyana.PracticeKeyChainTests;
				PRODUCT_NAME = "$(TARGET_NAME)";
				SWIFT_EMIT_LOC_STRINGS = NO;
				SWIFT_VERSION = 5.0;
				TARGETED_DEVICE_FAMILY = "1,2";
				TEST_HOST = "$(BUILT_PRODUCTS_DIR)/PracticeKeyChain.app/$(BUNDLE_EXECUTABLE_FOLDER_PATH)/PracticeKeyChain";
			};
			name = Release;
		};
		465049D52B19922A00D321EB /* Debug */ = {
			isa = XCBuildConfiguration;
			buildSettings = {
				ALWAYS_EMBED_SWIFT_STANDARD_LIBRARIES = YES;
				CODE_SIGN_STYLE = Automatic;
				CURRENT_PROJECT_VERSION = 1;
				DEVELOPMENT_TEAM = SY6HRKUSSY;
				GENERATE_INFOPLIST_FILE = YES;
				MARKETING_VERSION = 1.0;
				PRODUCT_BUNDLE_IDENTIFIER = toshiyana.PracticeKeyChainUITests;
				PRODUCT_NAME = "$(TARGET_NAME)";
				SWIFT_EMIT_LOC_STRINGS = NO;
				SWIFT_VERSION = 5.0;
				TARGETED_DEVICE_FAMILY = "1,2";
				TEST_TARGET_NAME = PracticeKeyChain;
			};
			name = Debug;
		};
		465049D62B19922A00D321EB /* Release */ = {
			isa = XCBuildConfiguration;
			buildSettings = {
				ALWAYS_EMBED_SWIFT_STANDARD_LIBRARIES = YES;
				CODE_SIGN_STYLE = Automatic;
				CURRENT_PROJECT_VERSION = 1;
				DEVELOPMENT_TEAM = SY6HRKUSSY;
				GENERATE_INFOPLIST_FILE = YES;
				MARKETING_VERSION = 1.0;
				PRODUCT_BUNDLE_IDENTIFIER = toshiyana.PracticeKeyChainUITests;
				PRODUCT_NAME = "$(TARGET_NAME)";
				SWIFT_EMIT_LOC_STRINGS = NO;
				SWIFT_VERSION = 5.0;
				TARGETED_DEVICE_FAMILY = "1,2";
				TEST_TARGET_NAME = PracticeKeyChain;
			};
			name = Release;
		};
/* End XCBuildConfiguration section */

/* Begin XCConfigurationList section */
		465049A52B19922800D321EB /* Build configuration list for PBXProject "PracticeKeyChain" */ = {
			isa = XCConfigurationList;
			buildConfigurations = (
				465049CC2B19922A00D321EB /* Debug */,
				465049CD2B19922A00D321EB /* Release */,
			);
			defaultConfigurationIsVisible = 0;
			defaultConfigurationName = Release;
		};
		465049CE2B19922A00D321EB /* Build configuration list for PBXNativeTarget "PracticeKeyChain" */ = {
			isa = XCConfigurationList;
			buildConfigurations = (
				465049CF2B19922A00D321EB /* Debug */,
				465049D02B19922A00D321EB /* Release */,
			);
			defaultConfigurationIsVisible = 0;
			defaultConfigurationName = Release;
		};
		465049D12B19922A00D321EB /* Build configuration list for PBXNativeTarget "PracticeKeyChainTests" */ = {
			isa = XCConfigurationList;
			buildConfigurations = (
				465049D22B19922A00D321EB /* Debug */,
				465049D32B19922A00D321EB /* Release */,
			);
			defaultConfigurationIsVisible = 0;
			defaultConfigurationName = Release;
		};
		465049D42B19922A00D321EB /* Build configuration list for PBXNativeTarget "PracticeKeyChainUITests" */ = {
			isa = XCConfigurationList;
			buildConfigurations = (
				465049D52B19922A00D321EB /* Debug */,
				465049D62B19922A00D321EB /* Release */,
			);
			defaultConfigurationIsVisible = 0;
			defaultConfigurationName = Release;
		};
/* End XCConfigurationList section */
	};
	rootObject = 465049A22B19922800D321EB /* Project object */;
}
